
Microsoft Visual Studio Solution File, Format Version 12.00
# Visual Studio Version 17
VisualStudioVersion = 17.10.34916.146
MinimumVisualStudioVersion = 10.0.40219.1
Project("{9A19103F-16F7-4668-BE54-9A1E7A4F7556}") = "PizzeriaMoschini", "PizzeriaMoschini\PizzeriaMoschini.csproj", "{2CCD2FD0-6EC4-4BFF-B43E-0CD702CD5637}"
EndProject
Project("{FAE04EC0-301F-11D3-BF4B-00C04F79EFBC}") = "PizzeriaMoschini.Tests", "PizzeriaMoschini.Tests\PizzeriaMoschini.Tests.csproj", "{48AF326F-CC29-4EB7-9899-E98553C0535B}"
EndProject
Global
	GlobalSection(SolutionConfigurationPlatforms) = preSolution
		Debug|Any CPU = Debug|Any CPU
		Release|Any CPU = Release|Any CPU
	EndGlobalSection
	GlobalSection(ProjectConfigurationPlatforms) = postSolution
		{2CCD2FD0-6EC4-4BFF-B43E-0CD702CD5637}.Debug|Any CPU.ActiveCfg = Debug|Any CPU
		{2CCD2FD0-6EC4-4BFF-B43E-0CD702CD5637}.Debug|Any CPU.Build.0 = Debug|Any CPU
		{2CCD2FD0-6EC4-4BFF-B43E-0CD702CD5637}.Release|Any CPU.ActiveCfg = Release|Any CPU
		{2CCD2FD0-6EC4-4BFF-B43E-0CD702CD5637}.Release|Any CPU.Build.0 = Release|Any CPU
		{48AF326F-CC29-4EB7-9899-E98553C0535B}.Debug|Any CPU.ActiveCfg = Debug|Any CPU
		{48AF326F-CC29-4EB7-9899-E98553C0535B}.Debug|Any CPU.Build.0 = Debug|Any CPU
		{48AF326F-CC29-4EB7-9899-E98553C0535B}.Release|Any CPU.ActiveCfg = Release|Any CPU
		{48AF326F-CC29-4EB7-9899-E98553C0535B}.Release|Any CPU.Build.0 = Release|Any CPU
	EndGlobalSection
	GlobalSection(SolutionProperties) = preSolution
		HideSolutionNode = FALSE
	EndGlobalSection
	GlobalSection(ExtensibilityGlobals) = postSolution
		SolutionGuid = {07F4AD38-39C3-4520-B86E-A565C7E6EFBD}
	EndGlobalSection
EndGlobal
